
Microsoft Visual Studio Solution File, Format Version 12.00
# Visual Studio Version 16
VisualStudioVersion = 16.0.31313.79
MinimumVisualStudioVersion = 10.0.40219.1
Project("{9A19103F-16F7-4668-BE54-9A1E7A4F7556}") = "UserRegistrationProblem", "UserRegistrationProblem.csproj", "{8470344F-30AE-4B1F-8159-884D55EF057C}"
EndProject
Project("{FAE04EC0-301F-11D3-BF4B-00C04F79EFBC}") = "UserRegistrationTest", "..\UserRegistrationTest\UserRegistrationTest.csproj", "{EB83168E-471A-4D7B-8BAA-FF7CD4DE3255}"
EndProject
Global
	GlobalSection(SolutionConfigurationPlatforms) = preSolution
		Debug|Any CPU = Debug|Any CPU
		Release|Any CPU = Release|Any CPU
	EndGlobalSection
	GlobalSection(ProjectConfigurationPlatforms) = postSolution
		{8470344F-30AE-4B1F-8159-884D55EF057C}.Debug|Any CPU.ActiveCfg = Debug|Any CPU
		{8470344F-30AE-4B1F-8159-884D55EF057C}.Debug|Any CPU.Build.0 = Debug|Any CPU
		{8470344F-30AE-4B1F-8159-884D55EF057C}.Release|Any CPU.ActiveCfg = Release|Any CPU
		{8470344F-30AE-4B1F-8159-884D55EF057C}.Release|Any CPU.Build.0 = Release|Any CPU
		{EB83168E-471A-4D7B-8BAA-FF7CD4DE3255}.Debug|Any CPU.ActiveCfg = Debug|Any CPU
		{EB83168E-471A-4D7B-8BAA-FF7CD4DE3255}.Debug|Any CPU.Build.0 = Debug|Any CPU
		{EB83168E-471A-4D7B-8BAA-FF7CD4DE3255}.Release|Any CPU.ActiveCfg = Release|Any CPU
		{EB83168E-471A-4D7B-8BAA-FF7CD4DE3255}.Release|Any CPU.Build.0 = Release|Any CPU
	EndGlobalSection
	GlobalSection(SolutionProperties) = preSolution
		HideSolutionNode = FALSE
	EndGlobalSection
	GlobalSection(ExtensibilityGlobals) = postSolution
		SolutionGuid = {D6C6C1C4-FBEC-4BAF-820B-11862FA366C6}
	EndGlobalSection
EndGlobal
